
Microsoft Visual Studio Solution File, Format Version 12.00
# Visual Studio Version 16
VisualStudioVersion = 16.0.30413.136
MinimumVisualStudioVersion = 10.0.40219.1
Project("{888888A0-9F3D-457C-B088-3A5042F75D52}") = "tund", "tund.pyproj", "{0F87CFDA-74E3-4366-AA3C-E8CF10C3E9DE}"
EndProject
Global
	GlobalSection(SolutionConfigurationPlatforms) = preSolution
		Debug|Any CPU = Debug|Any CPU
		Release|Any CPU = Release|Any CPU
	EndGlobalSection
	GlobalSection(ProjectConfigurationPlatforms) = postSolution
		{0F87CFDA-74E3-4366-AA3C-E8CF10C3E9DE}.Debug|Any CPU.ActiveCfg = Debug|Any CPU
		{0F87CFDA-74E3-4366-AA3C-E8CF10C3E9DE}.Release|Any CPU.ActiveCfg = Release|Any CPU
	EndGlobalSection
	GlobalSection(SolutionProperties) = preSolution
		HideSolutionNode = FALSE
	EndGlobalSection
	GlobalSection(ExtensibilityGlobals) = postSolution
		SolutionGuid = {DE4500D1-2EF3-45C0-ABED-DF5E7312FE34}
	EndGlobalSection
EndGlobal
